// !$*UTF8*$!
{
	archiveVersion = 1;
	classes = {
	};
	objectVersion = 50;
	objects = {

/* Begin PBXBuildFile section */
		234253C723711DDF00E36A4C /* InteractViewController.m in Sources */ = {isa = PBXBuildFile; fileRef = 234253C623711DDF00E36A4C /* InteractViewController.m */; };
		234253CB2371273F00E36A4C /* PrefetchViewController.m in Sources */ = {isa = PBXBuildFile; fileRef = 234253CA2371273F00E36A4C /* PrefetchViewController.m */; };
		234253D02371287100E36A4C /* PrefetchCell.m in Sources */ = {isa = PBXBuildFile; fileRef = 234253CE2371287100E36A4C /* PrefetchCell.m */; };
		234253D12371287100E36A4C /* PrefetchCell.xib in Resources */ = {isa = PBXBuildFile; fileRef = 234253CF2371287100E36A4C /* PrefetchCell.xib */; };
		2342543A23714EB800E36A4C /* YYImageCache.m in Sources */ = {isa = PBXBuildFile; fileRef = 2342541223714EB800E36A4C /* YYImageCache.m */; };
		2342543B23714EB800E36A4C /* YYDiskCache.m in Sources */ = {isa = PBXBuildFile; fileRef = 2342541423714EB800E36A4C /* YYDiskCache.m */; };
		2342543C23714EB800E36A4C /* YYCache.m in Sources */ = {isa = PBXBuildFile; fileRef = 2342541623714EB800E36A4C /* YYCache.m */; };
		2342543D23714EB800E36A4C /* YYKVStorage.m in Sources */ = {isa = PBXBuildFile; fileRef = 2342541A23714EB800E36A4C /* YYKVStorage.m */; };
		2342543E23714EB800E36A4C /* YYMemoryCache.m in Sources */ = {isa = PBXBuildFile; fileRef = 2342541B23714EB800E36A4C /* YYMemoryCache.m */; };
		2342543F23714EB800E36A4C /* YYWebImageManager.m in Sources */ = {isa = PBXBuildFile; fileRef = 2342541C23714EB800E36A4C /* YYWebImageManager.m */; };
		2342544023714EB800E36A4C /* YYSpriteSheetImage.m in Sources */ = {isa = PBXBuildFile; fileRef = 2342542223714EB800E36A4C /* YYSpriteSheetImage.m */; };
		2342544123714EB800E36A4C /* YYImage.m in Sources */ = {isa = PBXBuildFile; fileRef = 2342542423714EB800E36A4C /* YYImage.m */; };
		2342544223714EB800E36A4C /* YYImageCoder.m in Sources */ = {isa = PBXBuildFile; fileRef = 2342542523714EB800E36A4C /* YYImageCoder.m */; };
		2342544323714EB800E36A4C /* YYFrameImage.m in Sources */ = {isa = PBXBuildFile; fileRef = 2342542623714EB800E36A4C /* YYFrameImage.m */; };
		2342544423714EB800E36A4C /* YYAnimatedImageView.m in Sources */ = {isa = PBXBuildFile; fileRef = 2342542723714EB800E36A4C /* YYAnimatedImageView.m */; };
		2342544523714EB800E36A4C /* _YYWebImageSetter.m in Sources */ = {isa = PBXBuildFile; fileRef = 2342542C23714EB800E36A4C /* _YYWebImageSetter.m */; };
		2342544623714EB800E36A4C /* UIButton+YYWebImage.m in Sources */ = {isa = PBXBuildFile; fileRef = 2342543323714EB800E36A4C /* UIButton+YYWebImage.m */; };
		2342544723714EB800E36A4C /* UIImageView+YYWebImage.m in Sources */ = {isa = PBXBuildFile; fileRef = 2342543423714EB800E36A4C /* UIImageView+YYWebImage.m */; };
		2342544823714EB800E36A4C /* MKAnnotationView+YYWebImage.m in Sources */ = {isa = PBXBuildFile; fileRef = 2342543523714EB800E36A4C /* MKAnnotationView+YYWebImage.m */; };
		2342544923714EB800E36A4C /* UIImage+YYWebImage.m in Sources */ = {isa = PBXBuildFile; fileRef = 2342543623714EB800E36A4C /* UIImage+YYWebImage.m */; };
		2342544A23714EB800E36A4C /* CALayer+YYWebImage.m in Sources */ = {isa = PBXBuildFile; fileRef = 2342543723714EB800E36A4C /* CALayer+YYWebImage.m */; };
		2342544B23714EB800E36A4C /* YYWebImageOperation.m in Sources */ = {isa = PBXBuildFile; fileRef = 2342543923714EB800E36A4C /* YYWebImageOperation.m */; };
		2342544E2372557900E36A4C /* MoveCollectionViewController.m in Sources */ = {isa = PBXBuildFile; fileRef = 2342544D2372557900E36A4C /* MoveCollectionViewController.m */; };
		23425453237255AE00E36A4C /* MoveCollectionViewCell.m in Sources */ = {isa = PBXBuildFile; fileRef = 23425451237255AE00E36A4C /* MoveCollectionViewCell.m */; };
		23425454237255AE00E36A4C /* MoveCollectionViewCell.xib in Resources */ = {isa = PBXBuildFile; fileRef = 23425452237255AE00E36A4C /* MoveCollectionViewCell.xib */; };
		234254582372583D00E36A4C /* MoveHeaderCollectionReusableView.m in Sources */ = {isa = PBXBuildFile; fileRef = 234254562372583D00E36A4C /* MoveHeaderCollectionReusableView.m */; };
		234254592372583D00E36A4C /* MoveHeaderCollectionReusableView.xib in Resources */ = {isa = PBXBuildFile; fileRef = 234254572372583D00E36A4C /* MoveHeaderCollectionReusableView.xib */; };
		234B1AEB236C4A5C00FBB80D /* AppDelegate.m in Sources */ = {isa = PBXBuildFile; fileRef = 234B1AEA236C4A5C00FBB80D /* AppDelegate.m */; };
		234B1AEE236C4A5C00FBB80D /* SceneDelegate.m in Sources */ = {isa = PBXBuildFile; fileRef = 234B1AED236C4A5C00FBB80D /* SceneDelegate.m */; };
		234B1AF1236C4A5C00FBB80D /* ViewController.m in Sources */ = {isa = PBXBuildFile; fileRef = 234B1AF0236C4A5C00FBB80D /* ViewController.m */; };
		234B1AF4236C4A5C00FBB80D /* Main.storyboard in Resources */ = {isa = PBXBuildFile; fileRef = 234B1AF2236C4A5C00FBB80D /* Main.storyboard */; };
		234B1AF6236C4A5E00FBB80D /* Assets.xcassets in Resources */ = {isa = PBXBuildFile; fileRef = 234B1AF5236C4A5E00FBB80D /* Assets.xcassets */; };
		234B1AF9236C4A5E00FBB80D /* LaunchScreen.storyboard in Resources */ = {isa = PBXBuildFile; fileRef = 234B1AF7236C4A5E00FBB80D /* LaunchScreen.storyboard */; };
		234B1AFC236C4A5E00FBB80D /* main.m in Sources */ = {isa = PBXBuildFile; fileRef = 234B1AFB236C4A5E00FBB80D /* main.m */; };
		234B1B1D236C4AA700FBB80D /* NSLayoutConstraint+MASDebugAdditions.m in Sources */ = {isa = PBXBuildFile; fileRef = 234B1B04236C4AA700FBB80D /* NSLayoutConstraint+MASDebugAdditions.m */; };
		234B1B1E236C4AA700FBB80D /* ViewController+MASAdditions.m in Sources */ = {isa = PBXBuildFile; fileRef = 234B1B0D236C4AA700FBB80D /* ViewController+MASAdditions.m */; };
		234B1B1F236C4AA700FBB80D /* MASCompositeConstraint.m in Sources */ = {isa = PBXBuildFile; fileRef = 234B1B11236C4AA700FBB80D /* MASCompositeConstraint.m */; };
		234B1B20236C4AA700FBB80D /* MASConstraintMaker.m in Sources */ = {isa = PBXBuildFile; fileRef = 234B1B12236C4AA700FBB80D /* MASConstraintMaker.m */; };
		234B1B21236C4AA700FBB80D /* MASLayoutConstraint.m in Sources */ = {isa = PBXBuildFile; fileRef = 234B1B13236C4AA700FBB80D /* MASLayoutConstraint.m */; };
		234B1B22236C4AA700FBB80D /* NSArray+MASAdditions.m in Sources */ = {isa = PBXBuildFile; fileRef = 234B1B14236C4AA700FBB80D /* NSArray+MASAdditions.m */; };
		234B1B23236C4AA700FBB80D /* View+MASAdditions.m in Sources */ = {isa = PBXBuildFile; fileRef = 234B1B15236C4AA700FBB80D /* View+MASAdditions.m */; };
		234B1B24236C4AA700FBB80D /* MASConstraint.m in Sources */ = {isa = PBXBuildFile; fileRef = 234B1B18236C4AA700FBB80D /* MASConstraint.m */; };
		234B1B25236C4AA700FBB80D /* MASViewConstraint.m in Sources */ = {isa = PBXBuildFile; fileRef = 234B1B1A236C4AA700FBB80D /* MASViewConstraint.m */; };
		234B1B26236C4AA700FBB80D /* MASViewAttribute.m in Sources */ = {isa = PBXBuildFile; fileRef = 234B1B1B236C4AA700FBB80D /* MASViewAttribute.m */; };
		234B1B2A236C4D0C00FBB80D /* BasicUseViewController.m in Sources */ = {isa = PBXBuildFile; fileRef = 234B1B29236C4D0C00FBB80D /* BasicUseViewController.m */; };
		234B1B2E236C4F1E00FBB80D /* BasicCollectionViewCell.m in Sources */ = {isa = PBXBuildFile; fileRef = 234B1B2D236C4F1E00FBB80D /* BasicCollectionViewCell.m */; };
		234B1B31236D2F2500FBB80D /* BasicHeaderCollectionReusableView.m in Sources */ = {isa = PBXBuildFile; fileRef = 234B1B30236D2F2500FBB80D /* BasicHeaderCollectionReusableView.m */; };
		234B1B34236D305E00FBB80D /* BasicFooterCollectionReusableView.m in Sources */ = {isa = PBXBuildFile; fileRef = 234B1B33236D305E00FBB80D /* BasicFooterCollectionReusableView.m */; };
		234B1B37236D359000FBB80D /* WaterfallFlowViewController.m in Sources */ = {isa = PBXBuildFile; fileRef = 234B1B36236D359000FBB80D /* WaterfallFlowViewController.m */; };
		234B1B3B236D36B500FBB80D /* WaterfallFlowLayout.m in Sources */ = {isa = PBXBuildFile; fileRef = 234B1B3A236D36B500FBB80D /* WaterfallFlowLayout.m */; };
		234B1B3E236FCD0600FBB80D /* CircularCollectionViewLayout.m in Sources */ = {isa = PBXBuildFile; fileRef = 234B1B3D236FCD0600FBB80D /* CircularCollectionViewLayout.m */; };
		234B1B42236FCD3600FBB80D /* CircularViewController.m in Sources */ = {isa = PBXBuildFile; fileRef = 234B1B41236FCD3600FBB80D /* CircularViewController.m */; };
		234B1B45236FCF8800FBB80D /* CircularCollectionViewLayoutAttributes.m in Sources */ = {isa = PBXBuildFile; fileRef = 234B1B44236FCF8800FBB80D /* CircularCollectionViewLayoutAttributes.m */; };
		234B1B48236FD4E200FBB80D /* CircularCollectionViewCell.m in Sources */ = {isa = PBXBuildFile; fileRef = 234B1B47236FD4E200FBB80D /* CircularCollectionViewCell.m */; };
		235F961A236EA542004B9CFC /* MultiCellHorizontalScrollViewController.m in Sources */ = {isa = PBXBuildFile; fileRef = 235F9619236EA541004B9CFC /* MultiCellHorizontalScrollViewController.m */; };
		235F961E236EA57C004B9CFC /* MultiCellsFlowLayout.m in Sources */ = {isa = PBXBuildFile; fileRef = 235F961D236EA57C004B9CFC /* MultiCellsFlowLayout.m */; };
		2372FA6D236ED9010002CFBD /* CoverFlowViewController.m in Sources */ = {isa = PBXBuildFile; fileRef = 2372FA6C236ED9000002CFBD /* CoverFlowViewController.m */; };
		2372FA71236ED9350002CFBD /* CoverFlowLayout.m in Sources */ = {isa = PBXBuildFile; fileRef = 2372FA70236ED9350002CFBD /* CoverFlowLayout.m */; };
/* End PBXBuildFile section */

/* Begin PBXFileReference section */
		234253C523711DDF00E36A4C /* InteractViewController.h */ = {isa = PBXFileReference; lastKnownFileType = sourcecode.c.h; path = InteractViewController.h; sourceTree = "<group>"; };
		234253C623711DDF00E36A4C /* InteractViewController.m */ = {isa = PBXFileReference; lastKnownFileType = sourcecode.c.objc; path = InteractViewController.m; sourceTree = "<group>"; };
		234253C92371273F00E36A4C /* PrefetchViewController.h */ = {isa = PBXFileReference; lastKnownFileType = sourcecode.c.h; path = PrefetchViewController.h; sourceTree = "<group>"; };
		234253CA2371273F00E36A4C /* PrefetchViewController.m */ = {isa = PBXFileReference; lastKnownFileType = sourcecode.c.objc; path = PrefetchViewController.m; sourceTree = "<group>"; };
		234253CD2371287100E36A4C /* PrefetchCell.h */ = {isa = PBXFileReference; lastKnownFileType = sourcecode.c.h; path = PrefetchCell.h; sourceTree = "<group>"; };
		234253CE2371287100E36A4C /* PrefetchCell.m */ = {isa = PBXFileReference; lastKnownFileType = sourcecode.c.objc; path = PrefetchCell.m; sourceTree = "<group>"; };
		234253CF2371287100E36A4C /* PrefetchCell.xib */ = {isa = PBXFileReference; lastKnownFileType = file.xib; path = PrefetchCell.xib; sourceTree = "<group>"; };
		2342541223714EB800E36A4C /* YYImageCache.m */ = {isa = PBXFileReference; fileEncoding = 4; lastKnownFileType = sourcecode.c.objc; path = YYImageCache.m; sourceTree = "<group>"; };
		2342541423714EB800E36A4C /* YYDiskCache.m */ = {isa = PBXFileReference; fileEncoding = 4; lastKnownFileType = sourcecode.c.objc; path = YYDiskCache.m; sourceTree = "<group>"; };
		2342541523714EB800E36A4C /* YYKVStorage.h */ = {isa = PBXFileReference; fileEncoding = 4; lastKnownFileType = sourcecode.c.h; path = YYKVStorage.h; sourceTree = "<group>"; };
		2342541623714EB800E36A4C /* YYCache.m */ = {isa = PBXFileReference; fileEncoding = 4; lastKnownFileType = sourcecode.c.objc; path = YYCache.m; sourceTree = "<group>"; };
		2342541723714EB800E36A4C /* YYMemoryCache.h */ = {isa = PBXFileReference; fileEncoding = 4; lastKnownFileType = sourcecode.c.h; path = YYMemoryCache.h; sourceTree = "<group>"; };
		2342541823714EB800E36A4C /* YYDiskCache.h */ = {isa = PBXFileReference; fileEncoding = 4; lastKnownFileType = sourcecode.c.h; path = YYDiskCache.h; sourceTree = "<group>"; };
		2342541923714EB800E36A4C /* YYCache.h */ = {isa = PBXFileReference; fileEncoding = 4; lastKnownFileType = sourcecode.c.h; path = YYCache.h; sourceTree = "<group>"; };
		2342541A23714EB800E36A4C /* YYKVStorage.m */ = {isa = PBXFileReference; fileEncoding = 4; lastKnownFileType = sourcecode.c.objc; path = YYKVStorage.m; sourceTree = "<group>"; };
		2342541B23714EB800E36A4C /* YYMemoryCache.m */ = {isa = PBXFileReference; fileEncoding = 4; lastKnownFileType = sourcecode.c.objc; path = YYMemoryCache.m; sourceTree = "<group>"; };
		2342541C23714EB800E36A4C /* YYWebImageManager.m */ = {isa = PBXFileReference; fileEncoding = 4; lastKnownFileType = sourcecode.c.objc; path = YYWebImageManager.m; sourceTree = "<group>"; };
		2342541D23714EB800E36A4C /* YYWebImageOperation.h */ = {isa = PBXFileReference; fileEncoding = 4; lastKnownFileType = sourcecode.c.h; path = YYWebImageOperation.h; sourceTree = "<group>"; };
		2342541F23714EB800E36A4C /* YYImage.h */ = {isa = PBXFileReference; fileEncoding = 4; lastKnownFileType = sourcecode.c.h; path = YYImage.h; sourceTree = "<group>"; };
		2342542023714EB800E36A4C /* YYImageCoder.h */ = {isa = PBXFileReference; fileEncoding = 4; lastKnownFileType = sourcecode.c.h; path = YYImageCoder.h; sourceTree = "<group>"; };
		2342542123714EB800E36A4C /* YYFrameImage.h */ = {isa = PBXFileReference; fileEncoding = 4; lastKnownFileType = sourcecode.c.h; path = YYFrameImage.h; sourceTree = "<group>"; };
		2342542223714EB800E36A4C /* YYSpriteSheetImage.m */ = {isa = PBXFileReference; fileEncoding = 4; lastKnownFileType = sourcecode.c.objc; path = YYSpriteSheetImage.m; sourceTree = "<group>"; };
		2342542323714EB800E36A4C /* YYAnimatedImageView.h */ = {isa = PBXFileReference; fileEncoding = 4; lastKnownFileType = sourcecode.c.h; path = YYAnimatedImageView.h; sourceTree = "<group>"; };
		2342542423714EB800E36A4C /* YYImage.m */ = {isa = PBXFileReference; fileEncoding = 4; lastKnownFileType = sourcecode.c.objc; path = YYImage.m; sourceTree = "<group>"; };
		2342542523714EB800E36A4C /* YYImageCoder.m */ = {isa = PBXFileReference; fileEncoding = 4; lastKnownFileType = sourcecode.c.objc; path = YYImageCoder.m; sourceTree = "<group>"; };
		2342542623714EB800E36A4C /* YYFrameImage.m */ = {isa = PBXFileReference; fileEncoding = 4; lastKnownFileType = sourcecode.c.objc; path = YYFrameImage.m; sourceTree = "<group>"; };
		2342542723714EB800E36A4C /* YYAnimatedImageView.m */ = {isa = PBXFileReference; fileEncoding = 4; lastKnownFileType = sourcecode.c.objc; path = YYAnimatedImageView.m; sourceTree = "<group>"; };
		2342542823714EB800E36A4C /* YYSpriteSheetImage.h */ = {isa = PBXFileReference; fileEncoding = 4; lastKnownFileType = sourcecode.c.h; path = YYSpriteSheetImage.h; sourceTree = "<group>"; };
		2342542923714EB800E36A4C /* YYImageCache.h */ = {isa = PBXFileReference; fileEncoding = 4; lastKnownFileType = sourcecode.c.h; path = YYImageCache.h; sourceTree = "<group>"; };
		2342542A23714EB800E36A4C /* YYWebImageManager.h */ = {isa = PBXFileReference; fileEncoding = 4; lastKnownFileType = sourcecode.c.h; path = YYWebImageManager.h; sourceTree = "<group>"; };
		2342542C23714EB800E36A4C /* _YYWebImageSetter.m */ = {isa = PBXFileReference; fileEncoding = 4; lastKnownFileType = sourcecode.c.objc; path = _YYWebImageSetter.m; sourceTree = "<group>"; };
		2342542D23714EB800E36A4C /* UIButton+YYWebImage.h */ = {isa = PBXFileReference; fileEncoding = 4; lastKnownFileType = sourcecode.c.h; path = "UIButton+YYWebImage.h"; sourceTree = "<group>"; };
		2342542E23714EB800E36A4C /* UIImageView+YYWebImage.h */ = {isa = PBXFileReference; fileEncoding = 4; lastKnownFileType = sourcecode.c.h; path = "UIImageView+YYWebImage.h"; sourceTree = "<group>"; };
		2342542F23714EB800E36A4C /* CALayer+YYWebImage.h */ = {isa = PBXFileReference; fileEncoding = 4; lastKnownFileType = sourcecode.c.h; path = "CALayer+YYWebImage.h"; sourceTree = "<group>"; };
		2342543023714EB800E36A4C /* UIImage+YYWebImage.h */ = {isa = PBXFileReference; fileEncoding = 4; lastKnownFileType = sourcecode.c.h; path = "UIImage+YYWebImage.h"; sourceTree = "<group>"; };
		2342543123714EB800E36A4C /* MKAnnotationView+YYWebImage.h */ = {isa = PBXFileReference; fileEncoding = 4; lastKnownFileType = sourcecode.c.h; path = "MKAnnotationView+YYWebImage.h"; sourceTree = "<group>"; };
		2342543223714EB800E36A4C /* _YYWebImageSetter.h */ = {isa = PBXFileReference; fileEncoding = 4; lastKnownFileType = sourcecode.c.h; path = _YYWebImageSetter.h; sourceTree = "<group>"; };
		2342543323714EB800E36A4C /* UIButton+YYWebImage.m */ = {isa = PBXFileReference; fileEncoding = 4; lastKnownFileType = sourcecode.c.objc; path = "UIButton+YYWebImage.m"; sourceTree = "<group>"; };
		2342543423714EB800E36A4C /* UIImageView+YYWebImage.m */ = {isa = PBXFileReference; fileEncoding = 4; lastKnownFileType = sourcecode.c.objc; path = "UIImageView+YYWebImage.m"; sourceTree = "<group>"; };
		2342543523714EB800E36A4C /* MKAnnotationView+YYWebImage.m */ = {isa = PBXFileReference; fileEncoding = 4; lastKnownFileType = sourcecode.c.objc; path = "MKAnnotationView+YYWebImage.m"; sourceTree = "<group>"; };
		2342543623714EB800E36A4C /* UIImage+YYWebImage.m */ = {isa = PBXFileReference; fileEncoding = 4; lastKnownFileType = sourcecode.c.objc; path = "UIImage+YYWebImage.m"; sourceTree = "<group>"; };
		2342543723714EB800E36A4C /* CALayer+YYWebImage.m */ = {isa = PBXFileReference; fileEncoding = 4; lastKnownFileType = sourcecode.c.objc; path = "CALayer+YYWebImage.m"; sourceTree = "<group>"; };
		2342543823714EB800E36A4C /* YYWebImage.h */ = {isa = PBXFileReference; fileEncoding = 4; lastKnownFileType = sourcecode.c.h; path = YYWebImage.h; sourceTree = "<group>"; };
		2342543923714EB800E36A4C /* YYWebImageOperation.m */ = {isa = PBXFileReference; fileEncoding = 4; lastKnownFileType = sourcecode.c.objc; path = YYWebImageOperation.m; sourceTree = "<group>"; };
		2342544C2372557900E36A4C /* MoveCollectionViewController.h */ = {isa = PBXFileReference; lastKnownFileType = sourcecode.c.h; path = MoveCollectionViewController.h; sourceTree = "<group>"; };
		2342544D2372557900E36A4C /* MoveCollectionViewController.m */ = {isa = PBXFileReference; lastKnownFileType = sourcecode.c.objc; path = MoveCollectionViewController.m; sourceTree = "<group>"; };
		23425450237255AE00E36A4C /* MoveCollectionViewCell.h */ = {isa = PBXFileReference; lastKnownFileType = sourcecode.c.h; path = MoveCollectionViewCell.h; sourceTree = "<group>"; };
		23425451237255AE00E36A4C /* MoveCollectionViewCell.m */ = {isa = PBXFileReference; lastKnownFileType = sourcecode.c.objc; path = MoveCollectionViewCell.m; sourceTree = "<group>"; };
		23425452237255AE00E36A4C /* MoveCollectionViewCell.xib */ = {isa = PBXFileReference; lastKnownFileType = file.xib; path = MoveCollectionViewCell.xib; sourceTree = "<group>"; };
		234254552372583D00E36A4C /* MoveHeaderCollectionReusableView.h */ = {isa = PBXFileReference; lastKnownFileType = sourcecode.c.h; path = MoveHeaderCollectionReusableView.h; sourceTree = "<group>"; };
		234254562372583D00E36A4C /* MoveHeaderCollectionReusableView.m */ = {isa = PBXFileReference; lastKnownFileType = sourcecode.c.objc; path = MoveHeaderCollectionReusableView.m; sourceTree = "<group>"; };
		234254572372583D00E36A4C /* MoveHeaderCollectionReusableView.xib */ = {isa = PBXFileReference; lastKnownFileType = file.xib; path = MoveHeaderCollectionReusableView.xib; sourceTree = "<group>"; };
		234B1AE6236C4A5C00FBB80D /* CollectionViewDemo.app */ = {isa = PBXFileReference; explicitFileType = wrapper.application; includeInIndex = 0; path = CollectionViewDemo.app; sourceTree = BUILT_PRODUCTS_DIR; };
		234B1AE9236C4A5C00FBB80D /* AppDelegate.h */ = {isa = PBXFileReference; lastKnownFileType = sourcecode.c.h; path = AppDelegate.h; sourceTree = "<group>"; };
		234B1AEA236C4A5C00FBB80D /* AppDelegate.m */ = {isa = PBXFileReference; lastKnownFileType = sourcecode.c.objc; path = AppDelegate.m; sourceTree = "<group>"; };
		234B1AEC236C4A5C00FBB80D /* SceneDelegate.h */ = {isa = PBXFileReference; lastKnownFileType = sourcecode.c.h; path = SceneDelegate.h; sourceTree = "<group>"; };
		234B1AED236C4A5C00FBB80D /* SceneDelegate.m */ = {isa = PBXFileReference; lastKnownFileType = sourcecode.c.objc; path = SceneDelegate.m; sourceTree = "<group>"; };
		234B1AEF236C4A5C00FBB80D /* ViewController.h */ = {isa = PBXFileReference; lastKnownFileType = sourcecode.c.h; path = ViewController.h; sourceTree = "<group>"; };
		234B1AF0236C4A5C00FBB80D /* ViewController.m */ = {isa = PBXFileReference; lastKnownFileType = sourcecode.c.objc; path = ViewController.m; sourceTree = "<group>"; };
		234B1AF3236C4A5C00FBB80D /* Base */ = {isa = PBXFileReference; lastKnownFileType = file.storyboard; name = Base; path = Base.lproj/Main.storyboard; sourceTree = "<group>"; };
		234B1AF5236C4A5E00FBB80D /* Assets.xcassets */ = {isa = PBXFileReference; lastKnownFileType = folder.assetcatalog; path = Assets.xcassets; sourceTree = "<group>"; };
		234B1AF8236C4A5E00FBB80D /* Base */ = {isa = PBXFileReference; lastKnownFileType = file.storyboard; name = Base; path = Base.lproj/LaunchScreen.storyboard; sourceTree = "<group>"; };
		234B1AFA236C4A5E00FBB80D /* Info.plist */ = {isa = PBXFileReference; lastKnownFileType = text.plist.xml; path = Info.plist; sourceTree = "<group>"; };
		234B1AFB236C4A5E00FBB80D /* main.m */ = {isa = PBXFileReference; lastKnownFileType = sourcecode.c.objc; path = main.m; sourceTree = "<group>"; };
		234B1B03236C4AA700FBB80D /* MASCompositeConstraint.h */ = {isa = PBXFileReference; fileEncoding = 4; lastKnownFileType = sourcecode.c.h; path = MASCompositeConstraint.h; sourceTree = "<group>"; };
		234B1B04236C4AA700FBB80D /* NSLayoutConstraint+MASDebugAdditions.m */ = {isa = PBXFileReference; fileEncoding = 4; lastKnownFileType = sourcecode.c.objc; path = "NSLayoutConstraint+MASDebugAdditions.m"; sourceTree = "<group>"; };
		234B1B05236C4AA700FBB80D /* MASConstraint+Private.h */ = {isa = PBXFileReference; fileEncoding = 4; lastKnownFileType = sourcecode.c.h; path = "MASConstraint+Private.h"; sourceTree = "<group>"; };
		234B1B06236C4AA700FBB80D /* MASLayoutConstraint.h */ = {isa = PBXFileReference; fileEncoding = 4; lastKnownFileType = sourcecode.c.h; path = MASLayoutConstraint.h; sourceTree = "<group>"; };
		234B1B07236C4AA700FBB80D /* NSArray+MASShorthandAdditions.h */ = {isa = PBXFileReference; fileEncoding = 4; lastKnownFileType = sourcecode.c.h; path = "NSArray+MASShorthandAdditions.h"; sourceTree = "<group>"; };
		234B1B08236C4AA700FBB80D /* MASConstraintMaker.h */ = {isa = PBXFileReference; fileEncoding = 4; lastKnownFileType = sourcecode.c.h; path = MASConstraintMaker.h; sourceTree = "<group>"; };
		234B1B09236C4AA700FBB80D /* View+MASAdditions.h */ = {isa = PBXFileReference; fileEncoding = 4; lastKnownFileType = sourcecode.c.h; path = "View+MASAdditions.h"; sourceTree = "<group>"; };
		234B1B0A236C4AA700FBB80D /* NSArray+MASAdditions.h */ = {isa = PBXFileReference; fileEncoding = 4; lastKnownFileType = sourcecode.c.h; path = "NSArray+MASAdditions.h"; sourceTree = "<group>"; };
		234B1B0B236C4AA700FBB80D /* MASUtilities.h */ = {isa = PBXFileReference; fileEncoding = 4; lastKnownFileType = sourcecode.c.h; path = MASUtilities.h; sourceTree = "<group>"; };
		234B1B0C236C4AA700FBB80D /* MASViewAttribute.h */ = {isa = PBXFileReference; fileEncoding = 4; lastKnownFileType = sourcecode.c.h; path = MASViewAttribute.h; sourceTree = "<group>"; };
		234B1B0D236C4AA700FBB80D /* ViewController+MASAdditions.m */ = {isa = PBXFileReference; fileEncoding = 4; lastKnownFileType = sourcecode.c.objc; path = "ViewController+MASAdditions.m"; sourceTree = "<group>"; };
		234B1B0E236C4AA700FBB80D /* MASViewConstraint.h */ = {isa = PBXFileReference; fileEncoding = 4; lastKnownFileType = sourcecode.c.h; path = MASViewConstraint.h; sourceTree = "<group>"; };
		234B1B0F236C4AA700FBB80D /* MASConstraint.h */ = {isa = PBXFileReference; fileEncoding = 4; lastKnownFileType = sourcecode.c.h; path = MASConstraint.h; sourceTree = "<group>"; };
		234B1B10236C4AA700FBB80D /* NSLayoutConstraint+MASDebugAdditions.h */ = {isa = PBXFileReference; fileEncoding = 4; lastKnownFileType = sourcecode.c.h; path = "NSLayoutConstraint+MASDebugAdditions.h"; sourceTree = "<group>"; };
		234B1B11236C4AA700FBB80D /* MASCompositeConstraint.m */ = {isa = PBXFileReference; fileEncoding = 4; lastKnownFileType = sourcecode.c.objc; path = MASCompositeConstraint.m; sourceTree = "<group>"; };
		234B1B12236C4AA700FBB80D /* MASConstraintMaker.m */ = {isa = PBXFileReference; fileEncoding = 4; lastKnownFileType = sourcecode.c.objc; path = MASConstraintMaker.m; sourceTree = "<group>"; };
		234B1B13236C4AA700FBB80D /* MASLayoutConstraint.m */ = {isa = PBXFileReference; fileEncoding = 4; lastKnownFileType = sourcecode.c.objc; path = MASLayoutConstraint.m; sourceTree = "<group>"; };
		234B1B14236C4AA700FBB80D /* NSArray+MASAdditions.m */ = {isa = PBXFileReference; fileEncoding = 4; lastKnownFileType = sourcecode.c.objc; path = "NSArray+MASAdditions.m"; sourceTree = "<group>"; };
		234B1B15236C4AA700FBB80D /* View+MASAdditions.m */ = {isa = PBXFileReference; fileEncoding = 4; lastKnownFileType = sourcecode.c.objc; path = "View+MASAdditions.m"; sourceTree = "<group>"; };
		234B1B16236C4AA700FBB80D /* View+MASShorthandAdditions.h */ = {isa = PBXFileReference; fileEncoding = 4; lastKnownFileType = sourcecode.c.h; path = "View+MASShorthandAdditions.h"; sourceTree = "<group>"; };
		234B1B17236C4AA700FBB80D /* Masonry.h */ = {isa = PBXFileReference; fileEncoding = 4; lastKnownFileType = sourcecode.c.h; path = Masonry.h; sourceTree = "<group>"; };
		234B1B18236C4AA700FBB80D /* MASConstraint.m */ = {isa = PBXFileReference; fileEncoding = 4; lastKnownFileType = sourcecode.c.objc; path = MASConstraint.m; sourceTree = "<group>"; };
		234B1B19236C4AA700FBB80D /* ViewController+MASAdditions.h */ = {isa = PBXFileReference; fileEncoding = 4; lastKnownFileType = sourcecode.c.h; path = "ViewController+MASAdditions.h"; sourceTree = "<group>"; };
		234B1B1A236C4AA700FBB80D /* MASViewConstraint.m */ = {isa = PBXFileReference; fileEncoding = 4; lastKnownFileType = sourcecode.c.objc; path = MASViewConstraint.m; sourceTree = "<group>"; };
		234B1B1B236C4AA700FBB80D /* MASViewAttribute.m */ = {isa = PBXFileReference; fileEncoding = 4; lastKnownFileType = sourcecode.c.objc; path = MASViewAttribute.m; sourceTree = "<group>"; };
		234B1B28236C4D0C00FBB80D /* BasicUseViewController.h */ = {isa = PBXFileReference; lastKnownFileType = sourcecode.c.h; path = BasicUseViewController.h; sourceTree = "<group>"; };
		234B1B29236C4D0C00FBB80D /* BasicUseViewController.m */ = {isa = PBXFileReference; lastKnownFileType = sourcecode.c.objc; path = BasicUseViewController.m; sourceTree = "<group>"; };
		234B1B2C236C4F1E00FBB80D /* BasicCollectionViewCell.h */ = {isa = PBXFileReference; lastKnownFileType = sourcecode.c.h; path = BasicCollectionViewCell.h; sourceTree = "<group>"; };
		234B1B2D236C4F1E00FBB80D /* BasicCollectionViewCell.m */ = {isa = PBXFileReference; lastKnownFileType = sourcecode.c.objc; path = BasicCollectionViewCell.m; sourceTree = "<group>"; };
		234B1B2F236D2F2500FBB80D /* BasicHeaderCollectionReusableView.h */ = {isa = PBXFileReference; lastKnownFileType = sourcecode.c.h; path = BasicHeaderCollectionReusableView.h; sourceTree = "<group>"; };
		234B1B30236D2F2500FBB80D /* BasicHeaderCollectionReusableView.m */ = {isa = PBXFileReference; lastKnownFileType = sourcecode.c.objc; path = BasicHeaderCollectionReusableView.m; sourceTree = "<group>"; };
		234B1B32236D305E00FBB80D /* BasicFooterCollectionReusableView.h */ = {isa = PBXFileReference; lastKnownFileType = sourcecode.c.h; path = BasicFooterCollectionReusableView.h; sourceTree = "<group>"; };
		234B1B33236D305E00FBB80D /* BasicFooterCollectionReusableView.m */ = {isa = PBXFileReference; lastKnownFileType = sourcecode.c.objc; path = BasicFooterCollectionReusableView.m; sourceTree = "<group>"; };
		234B1B35236D359000FBB80D /* WaterfallFlowViewController.h */ = {isa = PBXFileReference; lastKnownFileType = sourcecode.c.h; path = WaterfallFlowViewController.h; sourceTree = "<group>"; };
		234B1B36236D359000FBB80D /* WaterfallFlowViewController.m */ = {isa = PBXFileReference; lastKnownFileType = sourcecode.c.objc; path = WaterfallFlowViewController.m; sourceTree = "<group>"; };
		234B1B39236D36B500FBB80D /* WaterfallFlowLayout.h */ = {isa = PBXFileReference; lastKnownFileType = sourcecode.c.h; path = WaterfallFlowLayout.h; sourceTree = "<group>"; };
		234B1B3A236D36B500FBB80D /* WaterfallFlowLayout.m */ = {isa = PBXFileReference; lastKnownFileType = sourcecode.c.objc; path = WaterfallFlowLayout.m; sourceTree = "<group>"; };
		234B1B3C236FCD0600FBB80D /* CircularCollectionViewLayout.h */ = {isa = PBXFileReference; lastKnownFileType = sourcecode.c.h; path = CircularCollectionViewLayout.h; sourceTree = "<group>"; };
		234B1B3D236FCD0600FBB80D /* CircularCollectionViewLayout.m */ = {isa = PBXFileReference; lastKnownFileType = sourcecode.c.objc; path = CircularCollectionViewLayout.m; sourceTree = "<group>"; };
		234B1B40236FCD3600FBB80D /* CircularViewController.h */ = {isa = PBXFileReference; lastKnownFileType = sourcecode.c.h; path = CircularViewController.h; sourceTree = "<group>"; };
		234B1B41236FCD3600FBB80D /* CircularViewController.m */ = {isa = PBXFileReference; lastKnownFileType = sourcecode.c.objc; path = CircularViewController.m; sourceTree = "<group>"; };
		234B1B43236FCF8800FBB80D /* CircularCollectionViewLayoutAttributes.h */ = {isa = PBXFileReference; lastKnownFileType = sourcecode.c.h; path = CircularCollectionViewLayoutAttributes.h; sourceTree = "<group>"; };
		234B1B44236FCF8800FBB80D /* CircularCollectionViewLayoutAttributes.m */ = {isa = PBXFileReference; lastKnownFileType = sourcecode.c.objc; path = CircularCollectionViewLayoutAttributes.m; sourceTree = "<group>"; };
		234B1B46236FD4E200FBB80D /* CircularCollectionViewCell.h */ = {isa = PBXFileReference; lastKnownFileType = sourcecode.c.h; path = CircularCollectionViewCell.h; sourceTree = "<group>"; };
		234B1B47236FD4E200FBB80D /* CircularCollectionViewCell.m */ = {isa = PBXFileReference; lastKnownFileType = sourcecode.c.objc; path = CircularCollectionViewCell.m; sourceTree = "<group>"; };
		235F9618236EA541004B9CFC /* MultiCellHorizontalScrollViewController.h */ = {isa = PBXFileReference; lastKnownFileType = sourcecode.c.h; path = MultiCellHorizontalScrollViewController.h; sourceTree = "<group>"; };
		235F9619236EA541004B9CFC /* MultiCellHorizontalScrollViewController.m */ = {isa = PBXFileReference; lastKnownFileType = sourcecode.c.objc; path = MultiCellHorizontalScrollViewController.m; sourceTree = "<group>"; };
		235F961C236EA57C004B9CFC /* MultiCellsFlowLayout.h */ = {isa = PBXFileReference; lastKnownFileType = sourcecode.c.h; path = MultiCellsFlowLayout.h; sourceTree = "<group>"; };
		235F961D236EA57C004B9CFC /* MultiCellsFlowLayout.m */ = {isa = PBXFileReference; lastKnownFileType = sourcecode.c.objc; path = MultiCellsFlowLayout.m; sourceTree = "<group>"; };
		2372FA6B236ED9000002CFBD /* CoverFlowViewController.h */ = {isa = PBXFileReference; lastKnownFileType = sourcecode.c.h; path = CoverFlowViewController.h; sourceTree = "<group>"; };
		2372FA6C236ED9000002CFBD /* CoverFlowViewController.m */ = {isa = PBXFileReference; lastKnownFileType = sourcecode.c.objc; path = CoverFlowViewController.m; sourceTree = "<group>"; };
		2372FA6F236ED9350002CFBD /* CoverFlowLayout.h */ = {isa = PBXFileReference; lastKnownFileType = sourcecode.c.h; path = CoverFlowLayout.h; sourceTree = "<group>"; };
		2372FA70236ED9350002CFBD /* CoverFlowLayout.m */ = {isa = PBXFileReference; lastKnownFileType = sourcecode.c.objc; path = CoverFlowLayout.m; sourceTree = "<group>"; };
/* End PBXFileReference section */

/* Begin PBXFrameworksBuildPhase section */
		234B1AE3236C4A5C00FBB80D /* Frameworks */ = {
			isa = PBXFrameworksBuildPhase;
			buildActionMask = 2147483647;
			files = (
			);
			runOnlyForDeploymentPostprocessing = 0;
		};
/* End PBXFrameworksBuildPhase section */

/* Begin PBXGroup section */
		234253C823711DE600E36A4C /* Interactive */ = {
			isa = PBXGroup;
			children = (
				234253C523711DDF00E36A4C /* InteractViewController.h */,
				234253C623711DDF00E36A4C /* InteractViewController.m */,
			);
			path = Interactive;
			sourceTree = "<group>";
		};
		234253CC2371274400E36A4C /* Prefetch */ = {
			isa = PBXGroup;
			children = (
				234253C92371273F00E36A4C /* PrefetchViewController.h */,
				234253CA2371273F00E36A4C /* PrefetchViewController.m */,
				234253CD2371287100E36A4C /* PrefetchCell.h */,
				234253CE2371287100E36A4C /* PrefetchCell.m */,
				234253CF2371287100E36A4C /* PrefetchCell.xib */,
			);
			path = Prefetch;
			sourceTree = "<group>";
		};
		2342541123714EB800E36A4C /* YYWebImage */ = {
			isa = PBXGroup;
			children = (
				2342541223714EB800E36A4C /* YYImageCache.m */,
				2342541323714EB800E36A4C /* Cache */,
				2342541C23714EB800E36A4C /* YYWebImageManager.m */,
				2342541D23714EB800E36A4C /* YYWebImageOperation.h */,
				2342541E23714EB800E36A4C /* Image */,
				2342542923714EB800E36A4C /* YYImageCache.h */,
				2342542A23714EB800E36A4C /* YYWebImageManager.h */,
				2342542B23714EB800E36A4C /* Categories */,
				2342543823714EB800E36A4C /* YYWebImage.h */,
				2342543923714EB800E36A4C /* YYWebImageOperation.m */,
			);
			path = YYWebImage;
			sourceTree = "<group>";
		};
		2342541323714EB800E36A4C /* Cache */ = {
			isa = PBXGroup;
			children = (
				2342541423714EB800E36A4C /* YYDiskCache.m */,
				2342541523714EB800E36A4C /* YYKVStorage.h */,
				2342541623714EB800E36A4C /* YYCache.m */,
				2342541723714EB800E36A4C /* YYMemoryCache.h */,
				2342541823714EB800E36A4C /* YYDiskCache.h */,
				2342541923714EB800E36A4C /* YYCache.h */,
				2342541A23714EB800E36A4C /* YYKVStorage.m */,
				2342541B23714EB800E36A4C /* YYMemoryCache.m */,
			);
			path = Cache;
			sourceTree = "<group>";
		};
		2342541E23714EB800E36A4C /* Image */ = {
			isa = PBXGroup;
			children = (
				2342541F23714EB800E36A4C /* YYImage.h */,
				2342542023714EB800E36A4C /* YYImageCoder.h */,
				2342542123714EB800E36A4C /* YYFrameImage.h */,
				2342542223714EB800E36A4C /* YYSpriteSheetImage.m */,
				2342542323714EB800E36A4C /* YYAnimatedImageView.h */,
				2342542423714EB800E36A4C /* YYImage.m */,
				2342542523714EB800E36A4C /* YYImageCoder.m */,
				2342542623714EB800E36A4C /* YYFrameImage.m */,
				2342542723714EB800E36A4C /* YYAnimatedImageView.m */,
				2342542823714EB800E36A4C /* YYSpriteSheetImage.h */,
			);
			path = Image;
			sourceTree = "<group>";
		};
		2342542B23714EB800E36A4C /* Categories */ = {
			isa = PBXGroup;
			children = (
				2342542C23714EB800E36A4C /* _YYWebImageSetter.m */,
				2342542D23714EB800E36A4C /* UIButton+YYWebImage.h */,
				2342542E23714EB800E36A4C /* UIImageView+YYWebImage.h */,
				2342542F23714EB800E36A4C /* CALayer+YYWebImage.h */,
				2342543023714EB800E36A4C /* UIImage+YYWebImage.h */,
				2342543123714EB800E36A4C /* MKAnnotationView+YYWebImage.h */,
				2342543223714EB800E36A4C /* _YYWebImageSetter.h */,
				2342543323714EB800E36A4C /* UIButton+YYWebImage.m */,
				2342543423714EB800E36A4C /* UIImageView+YYWebImage.m */,
				2342543523714EB800E36A4C /* MKAnnotationView+YYWebImage.m */,
				2342543623714EB800E36A4C /* UIImage+YYWebImage.m */,
				2342543723714EB800E36A4C /* CALayer+YYWebImage.m */,
			);
			path = Categories;
			sourceTree = "<group>";
		};
		2342544F2372558000E36A4C /* TodayNews */ = {
			isa = PBXGroup;
			children = (
				2342544C2372557900E36A4C /* MoveCollectionViewController.h */,
				2342544D2372557900E36A4C /* MoveCollectionViewController.m */,
				23425450237255AE00E36A4C /* MoveCollectionViewCell.h */,
				23425451237255AE00E36A4C /* MoveCollectionViewCell.m */,
				23425452237255AE00E36A4C /* MoveCollectionViewCell.xib */,
				234254552372583D00E36A4C /* MoveHeaderCollectionReusableView.h */,
				234254562372583D00E36A4C /* MoveHeaderCollectionReusableView.m */,
				234254572372583D00E36A4C /* MoveHeaderCollectionReusableView.xib */,
			);
			path = TodayNews;
			sourceTree = "<group>";
		};
		234B1ADD236C4A5C00FBB80D = {
			isa = PBXGroup;
			children = (
				234B1AE8236C4A5C00FBB80D /* CollectionViewDemo */,
				234B1AE7236C4A5C00FBB80D /* Products */,
			);
			sourceTree = "<group>";
		};
		234B1AE7236C4A5C00FBB80D /* Products */ = {
			isa = PBXGroup;
			children = (
				234B1AE6236C4A5C00FBB80D /* CollectionViewDemo.app */,
			);
			name = Products;
			sourceTree = "<group>";
		};
		234B1AE8236C4A5C00FBB80D /* CollectionViewDemo */ = {
			isa = PBXGroup;
			children = (
				2342541123714EB800E36A4C /* YYWebImage */,
				234B1B02236C4AA700FBB80D /* Masonry */,
				234B1AE9236C4A5C00FBB80D /* AppDelegate.h */,
				234B1AEA236C4A5C00FBB80D /* AppDelegate.m */,
				234B1AEC236C4A5C00FBB80D /* SceneDelegate.h */,
				234B1AED236C4A5C00FBB80D /* SceneDelegate.m */,
				234B1AEF236C4A5C00FBB80D /* ViewController.h */,
				234B1AF0236C4A5C00FBB80D /* ViewController.m */,
				2342544F2372558000E36A4C /* TodayNews */,
				234253CC2371274400E36A4C /* Prefetch */,
				234253C823711DE600E36A4C /* Interactive */,
				234B1B3F236FCD0D00FBB80D /* Circular */,
				2372FA6E236ED9090002CFBD /* CoverFlow */,
				235F961B236EA548004B9CFC /* MultiCells */,
				234B1B38236D359700FBB80D /* WaterfallFlow */,
				234B1B2B236C4EFE00FBB80D /* BasicUse */,
				234B1AF2236C4A5C00FBB80D /* Main.storyboard */,
				234B1AF5236C4A5E00FBB80D /* Assets.xcassets */,
				234B1AF7236C4A5E00FBB80D /* LaunchScreen.storyboard */,
				234B1AFA236C4A5E00FBB80D /* Info.plist */,
				234B1AFB236C4A5E00FBB80D /* main.m */,
			);
			path = CollectionViewDemo;
			sourceTree = "<group>";
		};
		234B1B02236C4AA700FBB80D /* Masonry */ = {
			isa = PBXGroup;
			children = (
				234B1B03236C4AA700FBB80D /* MASCompositeConstraint.h */,
				234B1B04236C4AA700FBB80D /* NSLayoutConstraint+MASDebugAdditions.m */,
				234B1B05236C4AA700FBB80D /* MASConstraint+Private.h */,
				234B1B06236C4AA700FBB80D /* MASLayoutConstraint.h */,
				234B1B07236C4AA700FBB80D /* NSArray+MASShorthandAdditions.h */,
				234B1B08236C4AA700FBB80D /* MASConstraintMaker.h */,
				234B1B09236C4AA700FBB80D /* View+MASAdditions.h */,
				234B1B0A236C4AA700FBB80D /* NSArray+MASAdditions.h */,
				234B1B0B236C4AA700FBB80D /* MASUtilities.h */,
				234B1B0C236C4AA700FBB80D /* MASViewAttribute.h */,
				234B1B0D236C4AA700FBB80D /* ViewController+MASAdditions.m */,
				234B1B0E236C4AA700FBB80D /* MASViewConstraint.h */,
				234B1B0F236C4AA700FBB80D /* MASConstraint.h */,
				234B1B10236C4AA700FBB80D /* NSLayoutConstraint+MASDebugAdditions.h */,
				234B1B11236C4AA700FBB80D /* MASCompositeConstraint.m */,
				234B1B12236C4AA700FBB80D /* MASConstraintMaker.m */,
				234B1B13236C4AA700FBB80D /* MASLayoutConstraint.m */,
				234B1B14236C4AA700FBB80D /* NSArray+MASAdditions.m */,
				234B1B15236C4AA700FBB80D /* View+MASAdditions.m */,
				234B1B16236C4AA700FBB80D /* View+MASShorthandAdditions.h */,
				234B1B17236C4AA700FBB80D /* Masonry.h */,
				234B1B18236C4AA700FBB80D /* MASConstraint.m */,
				234B1B19236C4AA700FBB80D /* ViewController+MASAdditions.h */,
				234B1B1A236C4AA700FBB80D /* MASViewConstraint.m */,
				234B1B1B236C4AA700FBB80D /* MASViewAttribute.m */,
			);
			path = Masonry;
			sourceTree = "<group>";
		};
		234B1B2B236C4EFE00FBB80D /* BasicUse */ = {
			isa = PBXGroup;
			children = (
				234B1B28236C4D0C00FBB80D /* BasicUseViewController.h */,
				234B1B29236C4D0C00FBB80D /* BasicUseViewController.m */,
				234B1B2C236C4F1E00FBB80D /* BasicCollectionViewCell.h */,
				234B1B2D236C4F1E00FBB80D /* BasicCollectionViewCell.m */,
				234B1B2F236D2F2500FBB80D /* BasicHeaderCollectionReusableView.h */,
				234B1B30236D2F2500FBB80D /* BasicHeaderCollectionReusableView.m */,
				234B1B32236D305E00FBB80D /* BasicFooterCollectionReusableView.h */,
				234B1B33236D305E00FBB80D /* BasicFooterCollectionReusableView.m */,
			);
			path = BasicUse;
			sourceTree = "<group>";
		};
		234B1B38236D359700FBB80D /* WaterfallFlow */ = {
			isa = PBXGroup;
			children = (
				234B1B35236D359000FBB80D /* WaterfallFlowViewController.h */,
				234B1B36236D359000FBB80D /* WaterfallFlowViewController.m */,
				234B1B39236D36B500FBB80D /* WaterfallFlowLayout.h */,
				234B1B3A236D36B500FBB80D /* WaterfallFlowLayout.m */,
			);
			path = WaterfallFlow;
			sourceTree = "<group>";
		};
		234B1B3F236FCD0D00FBB80D /* Circular */ = {
			isa = PBXGroup;
			children = (
				234B1B3C236FCD0600FBB80D /* CircularCollectionViewLayout.h */,
				234B1B3D236FCD0600FBB80D /* CircularCollectionViewLayout.m */,
				234B1B43236FCF8800FBB80D /* CircularCollectionViewLayoutAttributes.h */,
				234B1B44236FCF8800FBB80D /* CircularCollectionViewLayoutAttributes.m */,
				234B1B40236FCD3600FBB80D /* CircularViewController.h */,
				234B1B41236FCD3600FBB80D /* CircularViewController.m */,
				234B1B46236FD4E200FBB80D /* CircularCollectionViewCell.h */,
				234B1B47236FD4E200FBB80D /* CircularCollectionViewCell.m */,
			);
			path = Circular;
			sourceTree = "<group>";
		};
		235F961B236EA548004B9CFC /* MultiCells */ = {
			isa = PBXGroup;
			children = (
				235F9618236EA541004B9CFC /* MultiCellHorizontalScrollViewController.h */,
				235F9619236EA541004B9CFC /* MultiCellHorizontalScrollViewController.m */,
				235F961C236EA57C004B9CFC /* MultiCellsFlowLayout.h */,
				235F961D236EA57C004B9CFC /* MultiCellsFlowLayout.m */,
			);
			path = MultiCells;
			sourceTree = "<group>";
		};
		2372FA6E236ED9090002CFBD /* CoverFlow */ = {
			isa = PBXGroup;
			children = (
				2372FA6B236ED9000002CFBD /* CoverFlowViewController.h */,
				2372FA6C236ED9000002CFBD /* CoverFlowViewController.m */,
				2372FA6F236ED9350002CFBD /* CoverFlowLayout.h */,
				2372FA70236ED9350002CFBD /* CoverFlowLayout.m */,
			);
			path = CoverFlow;
			sourceTree = "<group>";
		};
/* End PBXGroup section */

/* Begin PBXNativeTarget section */
		234B1AE5236C4A5C00FBB80D /* CollectionViewDemo */ = {
			isa = PBXNativeTarget;
			buildConfigurationList = 234B1AFF236C4A5E00FBB80D /* Build configuration list for PBXNativeTarget "CollectionViewDemo" */;
			buildPhases = (
				234B1AE2236C4A5C00FBB80D /* Sources */,
				234B1AE3236C4A5C00FBB80D /* Frameworks */,
				234B1AE4236C4A5C00FBB80D /* Resources */,
			);
			buildRules = (
			);
			dependencies = (
			);
			name = CollectionViewDemo;
			productName = CollectionViewDemo;
			productReference = 234B1AE6236C4A5C00FBB80D /* CollectionViewDemo.app */;
			productType = "com.apple.product-type.application";
		};
/* End PBXNativeTarget section */

/* Begin PBXProject section */
		234B1ADE236C4A5C00FBB80D /* Project object */ = {
			isa = PBXProject;
			attributes = {
				LastUpgradeCheck = 1110;
				ORGANIZATIONNAME = "张延深";
				TargetAttributes = {
					234B1AE5236C4A5C00FBB80D = {
						CreatedOnToolsVersion = 11.1;
					};
				};
			};
			buildConfigurationList = 234B1AE1236C4A5C00FBB80D /* Build configuration list for PBXProject "CollectionViewDemo" */;
			compatibilityVersion = "Xcode 9.3";
			developmentRegion = en;
			hasScannedForEncodings = 0;
			knownRegions = (
				en,
				Base,
			);
			mainGroup = 234B1ADD236C4A5C00FBB80D;
			productRefGroup = 234B1AE7236C4A5C00FBB80D /* Products */;
			projectDirPath = "";
			projectRoot = "";
			targets = (
				234B1AE5236C4A5C00FBB80D /* CollectionViewDemo */,
			);
		};
/* End PBXProject section */

/* Begin PBXResourcesBuildPhase section */
		234B1AE4236C4A5C00FBB80D /* Resources */ = {
			isa = PBXResourcesBuildPhase;
			buildActionMask = 2147483647;
			files = (
				234B1AF9236C4A5E00FBB80D /* LaunchScreen.storyboard in Resources */,
				234B1AF6236C4A5E00FBB80D /* Assets.xcassets in Resources */,
				234253D12371287100E36A4C /* PrefetchCell.xib in Resources */,
				234254592372583D00E36A4C /* MoveHeaderCollectionReusableView.xib in Resources */,
				234B1AF4236C4A5C00FBB80D /* Main.storyboard in Resources */,
				23425454237255AE00E36A4C /* MoveCollectionViewCell.xib in Resources */,
			);
			runOnlyForDeploymentPostprocessing = 0;
		};
/* End PBXResourcesBuildPhase section */

/* Begin PBXSourcesBuildPhase section */
		234B1AE2236C4A5C00FBB80D /* Sources */ = {
			isa = PBXSourcesBuildPhase;
			buildActionMask = 2147483647;
			files = (
				234B1B25236C4AA700FBB80D /* MASViewConstraint.m in Sources */,
				23425453237255AE00E36A4C /* MoveCollectionViewCell.m in Sources */,
				234B1B42236FCD3600FBB80D /* CircularViewController.m in Sources */,
				234B1B26236C4AA700FBB80D /* MASViewAttribute.m in Sources */,
				234B1AF1236C4A5C00FBB80D /* ViewController.m in Sources */,
				2342544723714EB800E36A4C /* UIImageView+YYWebImage.m in Sources */,
				2342544E2372557900E36A4C /* MoveCollectionViewController.m in Sources */,
				2342544923714EB800E36A4C /* UIImage+YYWebImage.m in Sources */,
				234B1B2A236C4D0C00FBB80D /* BasicUseViewController.m in Sources */,
				234B1AEB236C4A5C00FBB80D /* AppDelegate.m in Sources */,
				234B1B22236C4AA700FBB80D /* NSArray+MASAdditions.m in Sources */,
				234253D02371287100E36A4C /* PrefetchCell.m in Sources */,
				234B1B45236FCF8800FBB80D /* CircularCollectionViewLayoutAttributes.m in Sources */,
				2342544423714EB800E36A4C /* YYAnimatedImageView.m in Sources */,
				2342543F23714EB800E36A4C /* YYWebImageManager.m in Sources */,
				2342544B23714EB800E36A4C /* YYWebImageOperation.m in Sources */,
				235F961A236EA542004B9CFC /* MultiCellHorizontalScrollViewController.m in Sources */,
				2342544A23714EB800E36A4C /* CALayer+YYWebImage.m in Sources */,
				234B1B1E236C4AA700FBB80D /* ViewController+MASAdditions.m in Sources */,
				234B1B1F236C4AA700FBB80D /* MASCompositeConstraint.m in Sources */,
				2342543B23714EB800E36A4C /* YYDiskCache.m in Sources */,
				234B1B3B236D36B500FBB80D /* WaterfallFlowLayout.m in Sources */,
				234253C723711DDF00E36A4C /* InteractViewController.m in Sources */,
				234B1B3E236FCD0600FBB80D /* CircularCollectionViewLayout.m in Sources */,
				2372FA6D236ED9010002CFBD /* CoverFlowViewController.m in Sources */,
				234B1B37236D359000FBB80D /* WaterfallFlowViewController.m in Sources */,
				2342544223714EB800E36A4C /* YYImageCoder.m in Sources */,
				234B1B48236FD4E200FBB80D /* CircularCollectionViewCell.m in Sources */,
				2342543A23714EB800E36A4C /* YYImageCache.m in Sources */,
				234B1AFC236C4A5E00FBB80D /* main.m in Sources */,
				234B1B23236C4AA700FBB80D /* View+MASAdditions.m in Sources */,
				234B1B31236D2F2500FBB80D /* BasicHeaderCollectionReusableView.m in Sources */,
				2342544023714EB800E36A4C /* YYSpriteSheetImage.m in Sources */,
				234B1B20236C4AA700FBB80D /* MASConstraintMaker.m in Sources */,
				234253CB2371273F00E36A4C /* PrefetchViewController.m in Sources */,
				2342544323714EB800E36A4C /* YYFrameImage.m in Sources */,
				2342543E23714EB800E36A4C /* YYMemoryCache.m in Sources */,
				234B1B24236C4AA700FBB80D /* MASConstraint.m in Sources */,
				2342544623714EB800E36A4C /* UIButton+YYWebImage.m in Sources */,
				2342544123714EB800E36A4C /* YYImage.m in Sources */,
				2372FA71236ED9350002CFBD /* CoverFlowLayout.m in Sources */,
				234B1B1D236C4AA700FBB80D /* NSLayoutConstraint+MASDebugAdditions.m in Sources */,
				2342543C23714EB800E36A4C /* YYCache.m in Sources */,
				2342543D23714EB800E36A4C /* YYKVStorage.m in Sources */,
				2342544523714EB800E36A4C /* _YYWebImageSetter.m in Sources */,
				2342544823714EB800E36A4C /* MKAnnotationView+YYWebImage.m in Sources */,
				235F961E236EA57C004B9CFC /* MultiCellsFlowLayout.m in Sources */,
				234254582372583D00E36A4C /* MoveHeaderCollectionReusableView.m in Sources */,
				234B1B2E236C4F1E00FBB80D /* BasicCollectionViewCell.m in Sources */,
				234B1B21236C4AA700FBB80D /* MASLayoutConstraint.m in Sources */,
				234B1AEE236C4A5C00FBB80D /* SceneDelegate.m in Sources */,
				234B1B34236D305E00FBB80D /* BasicFooterCollectionReusableView.m in Sources */,
			);
			runOnlyForDeploymentPostprocessing = 0;
		};
/* End PBXSourcesBuildPhase section */

/* Begin PBXVariantGroup section */
		234B1AF2236C4A5C00FBB80D /* Main.storyboard */ = {
			isa = PBXVariantGroup;
			children = (
				234B1AF3236C4A5C00FBB80D /* Base */,
			);
			name = Main.storyboard;
			sourceTree = "<group>";
		};
		234B1AF7236C4A5E00FBB80D /* LaunchScreen.storyboard */ = {
			isa = PBXVariantGroup;
			children = (
				234B1AF8236C4A5E00FBB80D /* Base */,
			);
			name = LaunchScreen.storyboard;
			sourceTree = "<group>";
		};
/* End PBXVariantGroup section */

/* Begin XCBuildConfiguration section */
		234B1AFD236C4A5E00FBB80D /* Debug */ = {
			isa = XCBuildConfiguration;
			buildSettings = {
				ALWAYS_SEARCH_USER_PATHS = NO;
				CLANG_ANALYZER_NONNULL = YES;
				CLANG_ANALYZER_NUMBER_OBJECT_CONVERSION = YES_AGGRESSIVE;
				CLANG_CXX_LANGUAGE_STANDARD = "gnu++14";
				CLANG_CXX_LIBRARY = "libc++";
				CLANG_ENABLE_MODULES = YES;
				CLANG_ENABLE_OBJC_ARC = YES;
				CLANG_ENABLE_OBJC_WEAK = YES;
				CLANG_WARN_BLOCK_CAPTURE_AUTORELEASING = YES;
				CLANG_WARN_BOOL_CONVERSION = YES;
				CLANG_WARN_COMMA = YES;
				CLANG_WARN_CONSTANT_CONVERSION = YES;
				CLANG_WARN_DEPRECATED_OBJC_IMPLEMENTATIONS = YES;
				CLANG_WARN_DIRECT_OBJC_ISA_USAGE = YES_ERROR;
				CLANG_WARN_DOCUMENTATION_COMMENTS = YES;
				CLANG_WARN_EMPTY_BODY = YES;
				CLANG_WARN_ENUM_CONVERSION = YES;
				CLANG_WARN_INFINITE_RECURSION = YES;
				CLANG_WARN_INT_CONVERSION = YES;
				CLANG_WARN_NON_LITERAL_NULL_CONVERSION = YES;
				CLANG_WARN_OBJC_IMPLICIT_RETAIN_SELF = YES;
				CLANG_WARN_OBJC_LITERAL_CONVERSION = YES;
				CLANG_WARN_OBJC_ROOT_CLASS = YES_ERROR;
				CLANG_WARN_RANGE_LOOP_ANALYSIS = YES;
				CLANG_WARN_STRICT_PROTOTYPES = YES;
				CLANG_WARN_SUSPICIOUS_MOVE = YES;
				CLANG_WARN_UNGUARDED_AVAILABILITY = YES_AGGRESSIVE;
				CLANG_WARN_UNREACHABLE_CODE = YES;
				CLANG_WARN__DUPLICATE_METHOD_MATCH = YES;
				COPY_PHASE_STRIP = NO;
				DEBUG_INFORMATION_FORMAT = dwarf;
				ENABLE_STRICT_OBJC_MSGSEND = YES;
				ENABLE_TESTABILITY = YES;
				GCC_C_LANGUAGE_STANDARD = gnu11;
				GCC_DYNAMIC_NO_PIC = NO;
				GCC_NO_COMMON_BLOCKS = YES;
				GCC_OPTIMIZATION_LEVEL = 0;
				GCC_PREPROCESSOR_DEFINITIONS = (
					"DEBUG=1",
					"$(inherited)",
				);
				GCC_WARN_64_TO_32_BIT_CONVERSION = YES;
				GCC_WARN_ABOUT_RETURN_TYPE = YES_ERROR;
				GCC_WARN_UNDECLARED_SELECTOR = YES;
				GCC_WARN_UNINITIALIZED_AUTOS = YES_AGGRESSIVE;
				GCC_WARN_UNUSED_FUNCTION = YES;
				GCC_WARN_UNUSED_VARIABLE = YES;
				IPHONEOS_DEPLOYMENT_TARGET = 13.1;
				MTL_ENABLE_DEBUG_INFO = INCLUDE_SOURCE;
				MTL_FAST_MATH = YES;
				ONLY_ACTIVE_ARCH = YES;
				SDKROOT = iphoneos;
			};
			name = Debug;
		};
		234B1AFE236C4A5E00FBB80D /* Release */ = {
			isa = XCBuildConfiguration;
			buildSettings = {
				ALWAYS_SEARCH_USER_PATHS = NO;
				CLANG_ANALYZER_NONNULL = YES;
				CLANG_ANALYZER_NUMBER_OBJECT_CONVERSION = YES_AGGRESSIVE;
				CLANG_CXX_LANGUAGE_STANDARD = "gnu++14";
				CLANG_CXX_LIBRARY = "libc++";
				CLANG_ENABLE_MODULES = YES;
				CLANG_ENABLE_OBJC_ARC = YES;
				CLANG_ENABLE_OBJC_WEAK = YES;
				CLANG_WARN_BLOCK_CAPTURE_AUTORELEASING = YES;
				CLANG_WARN_BOOL_CONVERSION = YES;
				CLANG_WARN_COMMA = YES;
				CLANG_WARN_CONSTANT_CONVERSION = YES;
				CLANG_WARN_DEPRECATED_OBJC_IMPLEMENTATIONS = YES;
				CLANG_WARN_DIRECT_OBJC_ISA_USAGE = YES_ERROR;
				CLANG_WARN_DOCUMENTATION_COMMENTS = YES;
				CLANG_WARN_EMPTY_BODY = YES;
				CLANG_WARN_ENUM_CONVERSION = YES;
				CLANG_WARN_INFINITE_RECURSION = YES;
				CLANG_WARN_INT_CONVERSION = YES;
				CLANG_WARN_NON_LITERAL_NULL_CONVERSION = YES;
				CLANG_WARN_OBJC_IMPLICIT_RETAIN_SELF = YES;
				CLANG_WARN_OBJC_LITERAL_CONVERSION = YES;
				CLANG_WARN_OBJC_ROOT_CLASS = YES_ERROR;
				CLANG_WARN_RANGE_LOOP_ANALYSIS = YES;
				CLANG_WARN_STRICT_PROTOTYPES = YES;
				CLANG_WARN_SUSPICIOUS_MOVE = YES;
				CLANG_WARN_UNGUARDED_AVAILABILITY = YES_AGGRESSIVE;
				CLANG_WARN_UNREACHABLE_CODE = YES;
				CLANG_WARN__DUPLICATE_METHOD_MATCH = YES;
				COPY_PHASE_STRIP = NO;
				DEBUG_INFORMATION_FORMAT = "dwarf-with-dsym";
				ENABLE_NS_ASSERTIONS = NO;
				ENABLE_STRICT_OBJC_MSGSEND = YES;
				GCC_C_LANGUAGE_STANDARD = gnu11;
				GCC_NO_COMMON_BLOCKS = YES;
				GCC_WARN_64_TO_32_BIT_CONVERSION = YES;
				GCC_WARN_ABOUT_RETURN_TYPE = YES_ERROR;
				GCC_WARN_UNDECLARED_SELECTOR = YES;
				GCC_WARN_UNINITIALIZED_AUTOS = YES_AGGRESSIVE;
				GCC_WARN_UNUSED_FUNCTION = YES;
				GCC_WARN_UNUSED_VARIABLE = YES;
				IPHONEOS_DEPLOYMENT_TARGET = 13.1;
				MTL_ENABLE_DEBUG_INFO = NO;
				MTL_FAST_MATH = YES;
				SDKROOT = iphoneos;
				VALIDATE_PRODUCT = YES;
			};
			name = Release;
		};
		234B1B00236C4A5E00FBB80D /* Debug */ = {
			isa = XCBuildConfiguration;
			buildSettings = {
				ASSETCATALOG_COMPILER_APPICON_NAME = AppIcon;
				CODE_SIGN_STYLE = Automatic;
				DEVELOPMENT_TEAM = J46HYNA3T9;
				INFOPLIST_FILE = CollectionViewDemo/Info.plist;
				IPHONEOS_DEPLOYMENT_TARGET = 8.0;
				LD_RUNPATH_SEARCH_PATHS = (
					"$(inherited)",
					"@executable_path/Frameworks",
				);
				PRODUCT_BUNDLE_IDENTIFIER = cn.newbanker.CollectionViewDemo;
				PRODUCT_NAME = "$(TARGET_NAME)";
				TARGETED_DEVICE_FAMILY = 1;
			};
			name = Debug;
		};
		234B1B01236C4A5E00FBB80D /* Release */ = {
			isa = XCBuildConfiguration;
			buildSettings = {
				ASSETCATALOG_COMPILER_APPICON_NAME = AppIcon;
				CODE_SIGN_STYLE = Automatic;
				DEVELOPMENT_TEAM = J46HYNA3T9;
				INFOPLIST_FILE = CollectionViewDemo/Info.plist;
				IPHONEOS_DEPLOYMENT_TARGET = 8.0;
				LD_RUNPATH_SEARCH_PATHS = (
					"$(inherited)",
					"@executable_path/Frameworks",
				);
				PRODUCT_BUNDLE_IDENTIFIER = cn.newbanker.CollectionViewDemo;
				PRODUCT_NAME = "$(TARGET_NAME)";
				TARGETED_DEVICE_FAMILY = 1;
			};
			name = Release;
		};
/* End XCBuildConfiguration section */

/* Begin XCConfigurationList section */
		234B1AE1236C4A5C00FBB80D /* Build configuration list for PBXProject "CollectionViewDemo" */ = {
			isa = XCConfigurationList;
			buildConfigurations = (
				234B1AFD236C4A5E00FBB80D /* Debug */,
				234B1AFE236C4A5E00FBB80D /* Release */,
			);
			defaultConfigurationIsVisible = 0;
			defaultConfigurationName = Release;
		};
		234B1AFF236C4A5E00FBB80D /* Build configuration list for PBXNativeTarget "CollectionViewDemo" */ = {
			isa = XCConfigurationList;
			buildConfigurations = (
				234B1B00236C4A5E00FBB80D /* Debug */,
				234B1B01236C4A5E00FBB80D /* Release */,
			);
			defaultConfigurationIsVisible = 0;
			defaultConfigurationName = Release;
		};
/* End XCConfigurationList section */
	};
	rootObject = 234B1ADE236C4A5C00FBB80D /* Project object */;
}
